
Microsoft Visual Studio Solution File, Format Version 12.00
# Visual Studio Version 17
VisualStudioVersion = 17.0.32112.339
MinimumVisualStudioVersion = 10.0.40219.1
Project("{9A19103F-16F7-4668-BE54-9A1E7A4F7556}") = "InventoryApp.Application", "InventoryApp.Application\InventoryApp.Application.csproj", "{B618A6B6-450F-469B-905C-139802FABBAE}"
EndProject
Project("{9A19103F-16F7-4668-BE54-9A1E7A4F7556}") = "InventoryApp.Domain", "..\InventoryApp.Domain\InventoryApp.Domain.csproj", "{8BE6BA9C-B5FE-4599-870E-452B001073BD}"
EndProject
Project("{9A19103F-16F7-4668-BE54-9A1E7A4F7556}") = "InventoryApp.DbMigrations", "..\InventoryApp.DbMigrations\InventoryApp.DbMigrations.csproj", "{E27A5989-9664-456F-9B57-17CD683F1D5B}"
EndProject
Project("{9A19103F-16F7-4668-BE54-9A1E7A4F7556}") = "InventoryApp.Data", "..\InventoryApp.Data\InventoryApp.Data.csproj", "{DC13E155-68FF-4916-8ACD-3C14648B41F5}"
EndProject
Project("{9A19103F-16F7-4668-BE54-9A1E7A4F7556}") = "InventoryApp.Infrastructures", "..\InventoryApp.Infrastructures\InventoryApp.Infrastructures.csproj", "{40B41B56-8C30-4008-A66E-C17B52FEC034}"
EndProject
Project("{9A19103F-16F7-4668-BE54-9A1E7A4F7556}") = "InventoryApp.Common", "..\InventoryApp.Common\InventoryApp.Common.csproj", "{D7377346-D9E9-4496-A5A6-F6C0121C85CE}"
EndProject
Global
	GlobalSection(SolutionConfigurationPlatforms) = preSolution
		Debug|Any CPU = Debug|Any CPU
		Release|Any CPU = Release|Any CPU
	EndGlobalSection
	GlobalSection(ProjectConfigurationPlatforms) = postSolution
		{B618A6B6-450F-469B-905C-139802FABBAE}.Debug|Any CPU.ActiveCfg = Debug|Any CPU
		{B618A6B6-450F-469B-905C-139802FABBAE}.Debug|Any CPU.Build.0 = Debug|Any CPU
		{B618A6B6-450F-469B-905C-139802FABBAE}.Release|Any CPU.ActiveCfg = Release|Any CPU
		{B618A6B6-450F-469B-905C-139802FABBAE}.Release|Any CPU.Build.0 = Release|Any CPU
		{8BE6BA9C-B5FE-4599-870E-452B001073BD}.Debug|Any CPU.ActiveCfg = Debug|Any CPU
		{8BE6BA9C-B5FE-4599-870E-452B001073BD}.Debug|Any CPU.Build.0 = Debug|Any CPU
		{8BE6BA9C-B5FE-4599-870E-452B001073BD}.Release|Any CPU.ActiveCfg = Release|Any CPU
		{8BE6BA9C-B5FE-4599-870E-452B001073BD}.Release|Any CPU.Build.0 = Release|Any CPU
		{E27A5989-9664-456F-9B57-17CD683F1D5B}.Debug|Any CPU.ActiveCfg = Debug|Any CPU
		{E27A5989-9664-456F-9B57-17CD683F1D5B}.Debug|Any CPU.Build.0 = Debug|Any CPU
		{E27A5989-9664-456F-9B57-17CD683F1D5B}.Release|Any CPU.ActiveCfg = Release|Any CPU
		{E27A5989-9664-456F-9B57-17CD683F1D5B}.Release|Any CPU.Build.0 = Release|Any CPU
		{DC13E155-68FF-4916-8ACD-3C14648B41F5}.Debug|Any CPU.ActiveCfg = Debug|Any CPU
		{DC13E155-68FF-4916-8ACD-3C14648B41F5}.Debug|Any CPU.Build.0 = Debug|Any CPU
		{DC13E155-68FF-4916-8ACD-3C14648B41F5}.Release|Any CPU.ActiveCfg = Release|Any CPU
		{DC13E155-68FF-4916-8ACD-3C14648B41F5}.Release|Any CPU.Build.0 = Release|Any CPU
		{40B41B56-8C30-4008-A66E-C17B52FEC034}.Debug|Any CPU.ActiveCfg = Debug|Any CPU
		{40B41B56-8C30-4008-A66E-C17B52FEC034}.Debug|Any CPU.Build.0 = Debug|Any CPU
		{40B41B56-8C30-4008-A66E-C17B52FEC034}.Release|Any CPU.ActiveCfg = Release|Any CPU
		{40B41B56-8C30-4008-A66E-C17B52FEC034}.Release|Any CPU.Build.0 = Release|Any CPU
		{D7377346-D9E9-4496-A5A6-F6C0121C85CE}.Debug|Any CPU.ActiveCfg = Debug|Any CPU
		{D7377346-D9E9-4496-A5A6-F6C0121C85CE}.Debug|Any CPU.Build.0 = Debug|Any CPU
		{D7377346-D9E9-4496-A5A6-F6C0121C85CE}.Release|Any CPU.ActiveCfg = Release|Any CPU
		{D7377346-D9E9-4496-A5A6-F6C0121C85CE}.Release|Any CPU.Build.0 = Release|Any CPU
	EndGlobalSection
	GlobalSection(SolutionProperties) = preSolution
		HideSolutionNode = FALSE
	EndGlobalSection
	GlobalSection(ExtensibilityGlobals) = postSolution
		SolutionGuid = {00DBE380-9426-48B0-96DC-4C722C12C8D6}
	EndGlobalSection
EndGlobal
